Microsoft Visual Studio Solution File, Format Version 9.00
# Visual Studio 2005
Project("{F184B08F-C81C-45F6-A57F-5ABD9991F28F}") = "UseOneStyleController", "UseOneStyleController.vbproj", "{42FE3660-D58D-4697-80B7-BB2EC59E4295}"
EndProject
Global
	GlobalSection(SolutionConfigurationPlatforms) = preSolution
		Debug|Any CPU = Debug|Any CPU
		Release|Any CPU = Release|Any CPU
	EndGlobalSection
	GlobalSection(ProjectConfigurationPlatforms) = postSolution
		{42FE3660-D58D-4697-80B7-BB2EC59E4295}.Debug|Any CPU.ActiveCfg = Debug|Any CPU
		{42FE3660-D58D-4697-80B7-BB2EC59E4295}.Debug|Any CPU.Build.0 = Debug|Any CPU
		{42FE3660-D58D-4697-80B7-BB2EC59E4295}.Release|Any CPU.ActiveCfg = Release|Any CPU
		{42FE3660-D58D-4697-80B7-BB2EC59E4295}.Release|Any CPU.Build.0 = Release|Any CPU
	EndGlobalSection
	GlobalSection(SolutionProperties) = preSolution
		HideSolutionNode = FALSE
	EndGlobalSection
EndGlobal
